
Microsoft Visual Studio Solution File, Format Version 12.00
# Visual Studio Version 17
VisualStudioVersion = 17.11.35219.272
MinimumVisualStudioVersion = 10.0.40219.1
Project("{FAE04EC0-301F-11D3-BF4B-00C04F79EFBC}") = "UI", "Plak\UI.csproj", "{61995B9E-D6B2-41FA-B671-A2597CED2B82}"
EndProject
Project("{FAE04EC0-301F-11D3-BF4B-00C04F79EFBC}") = "BLL", "BLL\BLL.csproj", "{D704AE7C-1E89-47E4-A967-A59098219A17}"
EndProject
Project("{FAE04EC0-301F-11D3-BF4B-00C04F79EFBC}") = "DAL", "DAL\DAL.csproj", "{60E2B3AF-EDC7-42EC-9DBC-B5533159BD21}"
EndProject
Global
	GlobalSection(SolutionConfigurationPlatforms) = preSolution
		Debug|Any CPU = Debug|Any CPU
		Release|Any CPU = Release|Any CPU
	EndGlobalSection
	GlobalSection(ProjectConfigurationPlatforms) = postSolution
		{61995B9E-D6B2-41FA-B671-A2597CED2B82}.Debug|Any CPU.ActiveCfg = Debug|Any CPU
		{61995B9E-D6B2-41FA-B671-A2597CED2B82}.Debug|Any CPU.Build.0 = Debug|Any CPU
		{61995B9E-D6B2-41FA-B671-A2597CED2B82}.Release|Any CPU.ActiveCfg = Release|Any CPU
		{61995B9E-D6B2-41FA-B671-A2597CED2B82}.Release|Any CPU.Build.0 = Release|Any CPU
		{D704AE7C-1E89-47E4-A967-A59098219A17}.Debug|Any CPU.ActiveCfg = Debug|Any CPU
		{D704AE7C-1E89-47E4-A967-A59098219A17}.Debug|Any CPU.Build.0 = Debug|Any CPU
		{D704AE7C-1E89-47E4-A967-A59098219A17}.Release|Any CPU.ActiveCfg = Release|Any CPU
		{D704AE7C-1E89-47E4-A967-A59098219A17}.Release|Any CPU.Build.0 = Release|Any CPU
		{60E2B3AF-EDC7-42EC-9DBC-B5533159BD21}.Debug|Any CPU.ActiveCfg = Debug|Any CPU
		{60E2B3AF-EDC7-42EC-9DBC-B5533159BD21}.Debug|Any CPU.Build.0 = Debug|Any CPU
		{60E2B3AF-EDC7-42EC-9DBC-B5533159BD21}.Release|Any CPU.ActiveCfg = Release|Any CPU
		{60E2B3AF-EDC7-42EC-9DBC-B5533159BD21}.Release|Any CPU.Build.0 = Release|Any CPU
	EndGlobalSection
	GlobalSection(SolutionProperties) = preSolution
		HideSolutionNode = FALSE
	EndGlobalSection
	GlobalSection(ExtensibilityGlobals) = postSolution
		SolutionGuid = {F049C5D7-DE6F-4889-A1DC-34D45BA65AAD}
	EndGlobalSection
EndGlobal
